
Microsoft Visual Studio Solution File, Format Version 12.00
# Visual Studio 15
Project("{FAE04EC0-301F-11D3-BF4B-00C04F79EFBC}") = "Pets", "Pets\Pets.csproj", "{291E17E3-5BD8-47CA-98D2-C6A3848AAA9E}"
EndProject
Project("{FAE04EC0-301F-11D3-BF4B-00C04F79EFBC}") = "Pets.Tests", "Pets.Tests\Pets.Tests.csproj", "{49422AED-4E77-4419-AE59-F590228864AF}"
EndProject
Global
	GlobalSection(SolutionConfigurationPlatforms) = preSolution
		Debug|Any CPU = Debug|Any CPU
		Release|Any CPU = Release|Any CPU
	EndGlobalSection
	GlobalSection(ProjectConfigurationPlatforms) = postSolution
		{291E17E3-5BD8-47CA-98D2-C6A3848AAA9E}.Debug|Any CPU.ActiveCfg = Debug|Any CPU
		{291E17E3-5BD8-47CA-98D2-C6A3848AAA9E}.Debug|Any CPU.Build.0 = Debug|Any CPU
		{291E17E3-5BD8-47CA-98D2-C6A3848AAA9E}.Release|Any CPU.ActiveCfg = Release|Any CPU
		{291E17E3-5BD8-47CA-98D2-C6A3848AAA9E}.Release|Any CPU.Build.0 = Release|Any CPU
		{49422AED-4E77-4419-AE59-F590228864AF}.Debug|Any CPU.ActiveCfg = Debug|Any CPU
		{49422AED-4E77-4419-AE59-F590228864AF}.Debug|Any CPU.Build.0 = Debug|Any CPU
		{49422AED-4E77-4419-AE59-F590228864AF}.Release|Any CPU.ActiveCfg = Release|Any CPU
		{49422AED-4E77-4419-AE59-F590228864AF}.Release|Any CPU.Build.0 = Release|Any CPU
	EndGlobalSection
EndGlobal
